
Microsoft Visual Studio Solution File, Format Version 12.00
# Visual Studio 2012
Project("{FAE04EC0-301F-11D3-BF4B-00C04F79EFBC}") = "SignalR-Mvc5", "SignalR-Mvc5\SignalR-Mvc5.csproj", "{A22453F9-57D6-4CA9-A57E-4630528A0528}"
EndProject
Project("{FAE04EC0-301F-11D3-BF4B-00C04F79EFBC}") = "SignalR-Mvc4", "SignalR-Mvc4\SignalR-Mvc4.csproj", "{E6C6086F-92A5-4AE8-BF08-B3683EFD82D1}"
EndProject
Global
	GlobalSection(SolutionConfigurationPlatforms) = preSolution
		Debug|Any CPU = Debug|Any CPU
		Release|Any CPU = Release|Any CPU
	EndGlobalSection
	GlobalSection(ProjectConfigurationPlatforms) = postSolution
		{A22453F9-57D6-4CA9-A57E-4630528A0528}.Debug|Any CPU.ActiveCfg = Debug|Any CPU
		{A22453F9-57D6-4CA9-A57E-4630528A0528}.Debug|Any CPU.Build.0 = Debug|Any CPU
		{A22453F9-57D6-4CA9-A57E-4630528A0528}.Release|Any CPU.ActiveCfg = Release|Any CPU
		{A22453F9-57D6-4CA9-A57E-4630528A0528}.Release|Any CPU.Build.0 = Release|Any CPU
		{E6C6086F-92A5-4AE8-BF08-B3683EFD82D1}.Debug|Any CPU.ActiveCfg = Debug|Any CPU
		{E6C6086F-92A5-4AE8-BF08-B3683EFD82D1}.Debug|Any CPU.Build.0 = Debug|Any CPU
		{E6C6086F-92A5-4AE8-BF08-B3683EFD82D1}.Release|Any CPU.ActiveCfg = Release|Any CPU
		{E6C6086F-92A5-4AE8-BF08-B3683EFD82D1}.Release|Any CPU.Build.0 = Release|Any CPU
	EndGlobalSection
	GlobalSection(SolutionProperties) = preSolution
		HideSolutionNode = FALSE
	EndGlobalSection
EndGlobal
